
Microsoft Visual Studio Solution File, Format Version 12.00
# Visual Studio 15
VisualStudioVersion = 15.0.27703.2026
MinimumVisualStudioVersion = 10.0.40219.1
Project("{8BC9CEB8-8B4A-11D0-8D11-00A0C91BC942}") = "MFCWindowDemo", "MFCWindowDemo\MFCWindowDemo.vcxproj", "{449021D4-9E4E-46F9-AFA4-C7A37D513913}"
EndProject
Global
	GlobalSection(SolutionConfigurationPlatforms) = preSolution
		Debug|x64 = Debug|x64
		Debug|x86 = Debug|x86
		Release|x64 = Release|x64
		Release|x86 = Release|x86
	EndGlobalSection
	GlobalSection(ProjectConfigurationPlatforms) = postSolution
		{449021D4-9E4E-46F9-AFA4-C7A37D513913}.Debug|x64.ActiveCfg = Debug|x64
		{449021D4-9E4E-46F9-AFA4-C7A37D513913}.Debug|x64.Build.0 = Debug|x64
		{449021D4-9E4E-46F9-AFA4-C7A37D513913}.Debug|x86.ActiveCfg = Debug|Win32
		{449021D4-9E4E-46F9-AFA4-C7A37D513913}.Debug|x86.Build.0 = Debug|Win32
		{449021D4-9E4E-46F9-AFA4-C7A37D513913}.Release|x64.ActiveCfg = Release|x64
		{449021D4-9E4E-46F9-AFA4-C7A37D513913}.Release|x64.Build.0 = Release|x64
		{449021D4-9E4E-46F9-AFA4-C7A37D513913}.Release|x86.ActiveCfg = Release|Win32
		{449021D4-9E4E-46F9-AFA4-C7A37D513913}.Release|x86.Build.0 = Release|Win32
	EndGlobalSection
	GlobalSection(SolutionProperties) = preSolution
		HideSolutionNode = FALSE
	EndGlobalSection
	GlobalSection(ExtensibilityGlobals) = postSolution
		SolutionGuid = {4DA4A9C0-95E7-4AF1-8D1A-3E4F058C651E}
	EndGlobalSection
EndGlobal
